
Microsoft Visual Studio Solution File, Format Version 12.00
# Visual Studio Version 17
VisualStudioVersion = 17.5.002.0
MinimumVisualStudioVersion = 10.0.40219.1
Project("{2150E333-8FDC-42A3-9474-1A3956D46DE8}") = "sandbox", "sandbox", "{B3E9A2B1-52FF-44F0-A8BB-16314C8B372A}"
EndProject
Project("{9A19103F-16F7-4668-BE54-9A1E7A4F7556}") = "sandbox_project", "sandbox\sandbox_project\sandbox_project.csproj", "{D4F9B533-52F8-491E-A037-A4B089598BE7}"
EndProject
Project("{2150E333-8FDC-42A3-9474-1A3956D46DE8}") = "week01", "week01", "{BAF6094D-061A-4A25-8238-B94772AB7303}"
EndProject
Project("{9A19103F-16F7-4668-BE54-9A1E7A4F7556}") = "analyze", "week01\analyze\analyze.csproj", "{4C2102F3-DF03-47C0-A36B-0B0F07273AD9}"
EndProject
Project("{9A19103F-16F7-4668-BE54-9A1E7A4F7556}") = "code", "week01\code\code.csproj", "{35103FFF-DABA-4DEB-A0DB-058D227F9C0E}"
EndProject
Project("{9A19103F-16F7-4668-BE54-9A1E7A4F7556}") = "teach", "week01\teach\teach.csproj", "{18028A08-AD02-4913-AE4F-8BD638D63BD2}"
EndProject
Project("{2150E333-8FDC-42A3-9474-1A3956D46DE8}") = "week02", "week02", "{C7218B48-E875-44B3-8C43-8638232509E8}"
EndProject
Project("{9A19103F-16F7-4668-BE54-9A1E7A4F7556}") = "analyze", "week02\analyze\analyze.csproj", "{4C9651F2-C55B-400B-B763-9B2E6FD60F4A}"
EndProject
Project("{9A19103F-16F7-4668-BE54-9A1E7A4F7556}") = "code", "week02\code\code.csproj", "{B1F674C9-AB83-4102-99B1-059F023B47BA}"
EndProject
Project("{9A19103F-16F7-4668-BE54-9A1E7A4F7556}") = "learn", "week02\learn\learn.csproj", "{873B9E71-13AB-4A71-B98A-6BFE61CDB825}"
EndProject
Project("{9A19103F-16F7-4668-BE54-9A1E7A4F7556}") = "teach", "week02\teach\teach.csproj", "{12056DE6-BB07-44A0-B698-9BE9F5B3926E}"
EndProject
Project("{2150E333-8FDC-42A3-9474-1A3956D46DE8}") = "week03", "week03", "{E7E5886D-0292-4C5E-8FCC-101E6344C6BF}"
EndProject
Project("{9A19103F-16F7-4668-BE54-9A1E7A4F7556}") = "code", "week03\code\code.csproj", "{B11F7768-A58E-4363-AE59-D4BD81FD7355}"
EndProject
Project("{9A19103F-16F7-4668-BE54-9A1E7A4F7556}") = "learn", "week03\learn\learn.csproj", "{1D298DE5-CC04-4CFE-BA05-FF0D9041F208}"
EndProject
Project("{9A19103F-16F7-4668-BE54-9A1E7A4F7556}") = "teach", "week03\teach\teach.csproj", "{2A76EB9D-FA89-4783-8400-033F3687E9F6}"
EndProject
Project("{2150E333-8FDC-42A3-9474-1A3956D46DE8}") = "week04", "week04", "{B64EFE94-3F0A-492E-B95B-3AFB2494DC34}"
EndProject
Project("{9A19103F-16F7-4668-BE54-9A1E7A4F7556}") = "code", "week04\code\code.csproj", "{4427B323-6DD4-48B3-BE47-80B928E5B98D}"
EndProject
Project("{2150E333-8FDC-42A3-9474-1A3956D46DE8}") = "week05", "week05", "{4054D506-84B8-42B6-87AA-D56DB9CDDCF7}"
EndProject
Project("{9A19103F-16F7-4668-BE54-9A1E7A4F7556}") = "code", "week05\code\code.csproj", "{B62413BE-EA9B-4FAD-B298-A5BD41B058BC}"
EndProject
Project("{2150E333-8FDC-42A3-9474-1A3956D46DE8}") = "week06", "week06", "{EA7A319B-7D06-4D0F-81A8-6CA9B73769C7}"
EndProject
Project("{9A19103F-16F7-4668-BE54-9A1E7A4F7556}") = "code", "week06\code\code.csproj", "{ED721BE6-7099-4C9B-BF77-6F6CE6438BF3}"
EndProject
Global
	GlobalSection(SolutionConfigurationPlatforms) = preSolution
		Debug|Any CPU = Debug|Any CPU
		Release|Any CPU = Release|Any CPU
	EndGlobalSection
	GlobalSection(ProjectConfigurationPlatforms) = postSolution
		{D4F9B533-52F8-491E-A037-A4B089598BE7}.Debug|Any CPU.ActiveCfg = Debug|Any CPU
		{D4F9B533-52F8-491E-A037-A4B089598BE7}.Debug|Any CPU.Build.0 = Debug|Any CPU
		{D4F9B533-52F8-491E-A037-A4B089598BE7}.Release|Any CPU.ActiveCfg = Release|Any CPU
		{D4F9B533-52F8-491E-A037-A4B089598BE7}.Release|Any CPU.Build.0 = Release|Any CPU
		{4C2102F3-DF03-47C0-A36B-0B0F07273AD9}.Debug|Any CPU.ActiveCfg = Debug|Any CPU
		{4C2102F3-DF03-47C0-A36B-0B0F07273AD9}.Debug|Any CPU.Build.0 = Debug|Any CPU
		{4C2102F3-DF03-47C0-A36B-0B0F07273AD9}.Release|Any CPU.ActiveCfg = Release|Any CPU
		{4C2102F3-DF03-47C0-A36B-0B0F07273AD9}.Release|Any CPU.Build.0 = Release|Any CPU
		{35103FFF-DABA-4DEB-A0DB-058D227F9C0E}.Debug|Any CPU.ActiveCfg = Debug|Any CPU
		{35103FFF-DABA-4DEB-A0DB-058D227F9C0E}.Debug|Any CPU.Build.0 = Debug|Any CPU
		{35103FFF-DABA-4DEB-A0DB-058D227F9C0E}.Release|Any CPU.ActiveCfg = Release|Any CPU
		{35103FFF-DABA-4DEB-A0DB-058D227F9C0E}.Release|Any CPU.Build.0 = Release|Any CPU
		{18028A08-AD02-4913-AE4F-8BD638D63BD2}.Debug|Any CPU.ActiveCfg = Debug|Any CPU
		{18028A08-AD02-4913-AE4F-8BD638D63BD2}.Debug|Any CPU.Build.0 = Debug|Any CPU
		{18028A08-AD02-4913-AE4F-8BD638D63BD2}.Release|Any CPU.ActiveCfg = Release|Any CPU
		{18028A08-AD02-4913-AE4F-8BD638D63BD2}.Release|Any CPU.Build.0 = Release|Any CPU
		{4C9651F2-C55B-400B-B763-9B2E6FD60F4A}.Debug|Any CPU.ActiveCfg = Debug|Any CPU
		{4C9651F2-C55B-400B-B763-9B2E6FD60F4A}.Debug|Any CPU.Build.0 = Debug|Any CPU
		{4C9651F2-C55B-400B-B763-9B2E6FD60F4A}.Release|Any CPU.ActiveCfg = Release|Any CPU
		{4C9651F2-C55B-400B-B763-9B2E6FD60F4A}.Release|Any CPU.Build.0 = Release|Any CPU
		{B1F674C9-AB83-4102-99B1-059F023B47BA}.Debug|Any CPU.ActiveCfg = Debug|Any CPU
		{B1F674C9-AB83-4102-99B1-059F023B47BA}.Debug|Any CPU.Build.0 = Debug|Any CPU
		{B1F674C9-AB83-4102-99B1-059F023B47BA}.Release|Any CPU.ActiveCfg = Release|Any CPU
		{B1F674C9-AB83-4102-99B1-059F023B47BA}.Release|Any CPU.Build.0 = Release|Any CPU
		{873B9E71-13AB-4A71-B98A-6BFE61CDB825}.Debug|Any CPU.ActiveCfg = Debug|Any CPU
		{873B9E71-13AB-4A71-B98A-6BFE61CDB825}.Debug|Any CPU.Build.0 = Debug|Any CPU
		{873B9E71-13AB-4A71-B98A-6BFE61CDB825}.Release|Any CPU.ActiveCfg = Release|Any CPU
		{873B9E71-13AB-4A71-B98A-6BFE61CDB825}.Release|Any CPU.Build.0 = Release|Any CPU
		{12056DE6-BB07-44A0-B698-9BE9F5B3926E}.Debug|Any CPU.ActiveCfg = Debug|Any CPU
		{12056DE6-BB07-44A0-B698-9BE9F5B3926E}.Debug|Any CPU.Build.0 = Debug|Any CPU
		{12056DE6-BB07-44A0-B698-9BE9F5B3926E}.Release|Any CPU.ActiveCfg = Release|Any CPU
		{12056DE6-BB07-44A0-B698-9BE9F5B3926E}.Release|Any CPU.Build.0 = Release|Any CPU
		{B11F7768-A58E-4363-AE59-D4BD81FD7355}.Debug|Any CPU.ActiveCfg = Debug|Any CPU
		{B11F7768-A58E-4363-AE59-D4BD81FD7355}.Debug|Any CPU.Build.0 = Debug|Any CPU
		{B11F7768-A58E-4363-AE59-D4BD81FD7355}.Release|Any CPU.ActiveCfg = Release|Any CPU
		{B11F7768-A58E-4363-AE59-D4BD81FD7355}.Release|Any CPU.Build.0 = Release|Any CPU
		{1D298DE5-CC04-4CFE-BA05-FF0D9041F208}.Debug|Any CPU.ActiveCfg = Debug|Any CPU
		{1D298DE5-CC04-4CFE-BA05-FF0D9041F208}.Debug|Any CPU.Build.0 = Debug|Any CPU
		{1D298DE5-CC04-4CFE-BA05-FF0D9041F208}.Release|Any CPU.ActiveCfg = Release|Any CPU
		{1D298DE5-CC04-4CFE-BA05-FF0D9041F208}.Release|Any CPU.Build.0 = Release|Any CPU
		{2A76EB9D-FA89-4783-8400-033F3687E9F6}.Debug|Any CPU.ActiveCfg = Debug|Any CPU
		{2A76EB9D-FA89-4783-8400-033F3687E9F6}.Debug|Any CPU.Build.0 = Debug|Any CPU
		{2A76EB9D-FA89-4783-8400-033F3687E9F6}.Release|Any CPU.ActiveCfg = Release|Any CPU
		{2A76EB9D-FA89-4783-8400-033F3687E9F6}.Release|Any CPU.Build.0 = Release|Any CPU
		{4427B323-6DD4-48B3-BE47-80B928E5B98D}.Debug|Any CPU.ActiveCfg = Debug|Any CPU
		{4427B323-6DD4-48B3-BE47-80B928E5B98D}.Debug|Any CPU.Build.0 = Debug|Any CPU
		{4427B323-6DD4-48B3-BE47-80B928E5B98D}.Release|Any CPU.ActiveCfg = Release|Any CPU
		{4427B323-6DD4-48B3-BE47-80B928E5B98D}.Release|Any CPU.Build.0 = Release|Any CPU
		{B62413BE-EA9B-4FAD-B298-A5BD41B058BC}.Debug|Any CPU.ActiveCfg = Debug|Any CPU
		{B62413BE-EA9B-4FAD-B298-A5BD41B058BC}.Debug|Any CPU.Build.0 = Debug|Any CPU
		{B62413BE-EA9B-4FAD-B298-A5BD41B058BC}.Release|Any CPU.ActiveCfg = Release|Any CPU
		{B62413BE-EA9B-4FAD-B298-A5BD41B058BC}.Release|Any CPU.Build.0 = Release|Any CPU
		{ED721BE6-7099-4C9B-BF77-6F6CE6438BF3}.Debug|Any CPU.ActiveCfg = Debug|Any CPU
		{ED721BE6-7099-4C9B-BF77-6F6CE6438BF3}.Debug|Any CPU.Build.0 = Debug|Any CPU
		{ED721BE6-7099-4C9B-BF77-6F6CE6438BF3}.Release|Any CPU.ActiveCfg = Release|Any CPU
		{ED721BE6-7099-4C9B-BF77-6F6CE6438BF3}.Release|Any CPU.Build.0 = Release|Any CPU
	EndGlobalSection
	GlobalSection(SolutionProperties) = preSolution
		HideSolutionNode = FALSE
	EndGlobalSection
	GlobalSection(NestedProjects) = preSolution
		{D4F9B533-52F8-491E-A037-A4B089598BE7} = {B3E9A2B1-52FF-44F0-A8BB-16314C8B372A}
		{4C2102F3-DF03-47C0-A36B-0B0F07273AD9} = {BAF6094D-061A-4A25-8238-B94772AB7303}
		{35103FFF-DABA-4DEB-A0DB-058D227F9C0E} = {BAF6094D-061A-4A25-8238-B94772AB7303}
		{18028A08-AD02-4913-AE4F-8BD638D63BD2} = {BAF6094D-061A-4A25-8238-B94772AB7303}
		{4C9651F2-C55B-400B-B763-9B2E6FD60F4A} = {C7218B48-E875-44B3-8C43-8638232509E8}
		{B1F674C9-AB83-4102-99B1-059F023B47BA} = {C7218B48-E875-44B3-8C43-8638232509E8}
		{873B9E71-13AB-4A71-B98A-6BFE61CDB825} = {C7218B48-E875-44B3-8C43-8638232509E8}
		{12056DE6-BB07-44A0-B698-9BE9F5B3926E} = {C7218B48-E875-44B3-8C43-8638232509E8}
		{B11F7768-A58E-4363-AE59-D4BD81FD7355} = {E7E5886D-0292-4C5E-8FCC-101E6344C6BF}
		{1D298DE5-CC04-4CFE-BA05-FF0D9041F208} = {E7E5886D-0292-4C5E-8FCC-101E6344C6BF}
		{2A76EB9D-FA89-4783-8400-033F3687E9F6} = {E7E5886D-0292-4C5E-8FCC-101E6344C6BF}
		{4427B323-6DD4-48B3-BE47-80B928E5B98D} = {B64EFE94-3F0A-492E-B95B-3AFB2494DC34}
		{B62413BE-EA9B-4FAD-B298-A5BD41B058BC} = {4054D506-84B8-42B6-87AA-D56DB9CDDCF7}
		{ED721BE6-7099-4C9B-BF77-6F6CE6438BF3} = {EA7A319B-7D06-4D0F-81A8-6CA9B73769C7}
	EndGlobalSection
	GlobalSection(ExtensibilityGlobals) = postSolution
		SolutionGuid = {B6D3D40A-3AEE-40B3-B821-224F50340EBE}
	EndGlobalSection
EndGlobal
